
Microsoft Visual Studio Solution File, Format Version 12.00
# Visual Studio Version 17
VisualStudioVersion = 17.3.32929.385
MinimumVisualStudioVersion = 10.0.40219.1
Project("{FAE04EC0-301F-11D3-BF4B-00C04F79EFBC}") = "EmployeeWage", "EmployeeWage\EmployeeWage.csproj", "{B4D702CF-3A26-49AA-AE50-7ECF5800DDBC}"
EndProject
Global
	GlobalSection(SolutionConfigurationPlatforms) = preSolution
		Debug|Any CPU = Debug|Any CPU
		Release|Any CPU = Release|Any CPU
	EndGlobalSection
	GlobalSection(ProjectConfigurationPlatforms) = postSolution
		{B4D702CF-3A26-49AA-AE50-7ECF5800DDBC}.Debug|Any CPU.ActiveCfg = Debug|Any CPU
		{B4D702CF-3A26-49AA-AE50-7ECF5800DDBC}.Debug|Any CPU.Build.0 = Debug|Any CPU
		{B4D702CF-3A26-49AA-AE50-7ECF5800DDBC}.Release|Any CPU.ActiveCfg = Release|Any CPU
		{B4D702CF-3A26-49AA-AE50-7ECF5800DDBC}.Release|Any CPU.Build.0 = Release|Any CPU
	EndGlobalSection
	GlobalSection(SolutionProperties) = preSolution
		HideSolutionNode = FALSE
	EndGlobalSection
	GlobalSection(ExtensibilityGlobals) = postSolution
		SolutionGuid = {6467F1A7-CCB0-4045-8AF5-05EB7091BABB}
	EndGlobalSection
EndGlobal
